
Microsoft Visual Studio Solution File, Format Version 12.00
# Visual Studio 15
Project("{FAE04EC0-301F-11D3-BF4B-00C04F79EFBC}") = "Assembly-CSharp", "Assembly-CSharp.csproj", "{6FCAB8F6-F28C-117A-93C3-ABE808834131}"
EndProject
Project("{FAE04EC0-301F-11D3-BF4B-00C04F79EFBC}") = "Assembly-CSharp-Editor", "Assembly-CSharp-Editor.csproj", "{86C29652-F588-EB89-5008-14C81F0A284C}"
EndProject
Global
	GlobalSection(SolutionConfigurationPlatforms) = preSolution
		Debug|Any CPU = Debug|Any CPU
		Release|Any CPU = Release|Any CPU
	EndGlobalSection
	GlobalSection(ProjectConfigurationPlatforms) = postSolution
		{6FCAB8F6-F28C-117A-93C3-ABE808834131}.Debug|Any CPU.ActiveCfg = Debug|Any CPU
		{6FCAB8F6-F28C-117A-93C3-ABE808834131}.Debug|Any CPU.Build.0 = Debug|Any CPU
		{6FCAB8F6-F28C-117A-93C3-ABE808834131}.Release|Any CPU.ActiveCfg = Release|Any CPU
		{6FCAB8F6-F28C-117A-93C3-ABE808834131}.Release|Any CPU.Build.0 = Release|Any CPU
		{86C29652-F588-EB89-5008-14C81F0A284C}.Debug|Any CPU.ActiveCfg = Debug|Any CPU
		{86C29652-F588-EB89-5008-14C81F0A284C}.Debug|Any CPU.Build.0 = Debug|Any CPU
		{86C29652-F588-EB89-5008-14C81F0A284C}.Release|Any CPU.ActiveCfg = Release|Any CPU
		{86C29652-F588-EB89-5008-14C81F0A284C}.Release|Any CPU.Build.0 = Release|Any CPU
	EndGlobalSection
	GlobalSection(SolutionProperties) = preSolution
		HideSolutionNode = FALSE
	EndGlobalSection
EndGlobal
